// !$*UTF8*$!
{
	archiveVersion = 1;
	classes = {
	};
	objectVersion = 55;
	objects = {

/* Begin PBXBuildFile section */
		2D29E9E927EA0BFB00EE4A1B /* CoreDataManager.swift in Sources */ = {isa = PBXBuildFile; fileRef = 2D29E9E827EA0BFB00EE4A1B /* CoreDataManager.swift */; };
		2D29E9EC27EA0CB100EE4A1B /* BookModel.xcdatamodeld in Sources */ = {isa = PBXBuildFile; fileRef = 2D29E9EA27EA0CB100EE4A1B /* BookModel.xcdatamodeld */; };
		2D29E9EE27EA1CC600EE4A1B /* BookViewModel.swift in Sources */ = {isa = PBXBuildFile; fileRef = 2D29E9ED27EA1CC600EE4A1B /* BookViewModel.swift */; };
		2D29E9F027EA698A00EE4A1B /* AddBookViewModel.swift in Sources */ = {isa = PBXBuildFile; fileRef = 2D29E9EF27EA698A00EE4A1B /* AddBookViewModel.swift */; };
		2D29E9F227EA6FE800EE4A1B /* AddBookViewController.swift in Sources */ = {isa = PBXBuildFile; fileRef = 2D29E9F127EA6FE800EE4A1B /* AddBookViewController.swift */; };
		2D29E9F427EB49AE00EE4A1B /* AddBookView.swift in Sources */ = {isa = PBXBuildFile; fileRef = 2D29E9F327EB49AE00EE4A1B /* AddBookView.swift */; };
		2D29E9F627EB49E000EE4A1B /* AddBookTextField.swift in Sources */ = {isa = PBXBuildFile; fileRef = 2D29E9F527EB49E000EE4A1B /* AddBookTextField.swift */; };
		2D29E9F827EC6CDB00EE4A1B /* AddBookTextView.swift in Sources */ = {isa = PBXBuildFile; fileRef = 2D29E9F727EC6CDB00EE4A1B /* AddBookTextView.swift */; };
		2D29E9FD27ECA88100EE4A1B /* BookListCell.swift in Sources */ = {isa = PBXBuildFile; fileRef = 2D29E9FC27ECA88100EE4A1B /* BookListCell.swift */; };
		2D29EA0127ECAEF300EE4A1B /* ChevronImageView.swift in Sources */ = {isa = PBXBuildFile; fileRef = 2D29EA0027ECAEF300EE4A1B /* ChevronImageView.swift */; };
		2D29EA0327ED1AB000EE4A1B /* CustomStackView.swift in Sources */ = {isa = PBXBuildFile; fileRef = 2D29EA0227ED1AB000EE4A1B /* CustomStackView.swift */; };
		2D29EA0527ED251800EE4A1B /* BookDetailViewController.swift in Sources */ = {isa = PBXBuildFile; fileRef = 2D29EA0427ED251700EE4A1B /* BookDetailViewController.swift */; };
		2D4898AC27E9E2B200F08E86 /* AppDelegate.swift in Sources */ = {isa = PBXBuildFile; fileRef = 2D4898AB27E9E2B200F08E86 /* AppDelegate.swift */; };
		2D4898AE27E9E2B200F08E86 /* SceneDelegate.swift in Sources */ = {isa = PBXBuildFile; fileRef = 2D4898AD27E9E2B200F08E86 /* SceneDelegate.swift */; };
		2D4898B027E9E2B200F08E86 /* BookListViewController.swift in Sources */ = {isa = PBXBuildFile; fileRef = 2D4898AF27E9E2B200F08E86 /* BookListViewController.swift */; };
		2D4898B527E9E2B400F08E86 /* Assets.xcassets in Resources */ = {isa = PBXBuildFile; fileRef = 2D4898B427E9E2B400F08E86 /* Assets.xcassets */; };
		2D4898B827E9E2B400F08E86 /* LaunchScreen.storyboard in Resources */ = {isa = PBXBuildFile; fileRef = 2D4898B627E9E2B400F08E86 /* LaunchScreen.storyboard */; };
		2D4898C527E9E83A00F08E86 /* BookListEmptyCell.swift in Sources */ = {isa = PBXBuildFile; fileRef = 2D4898C427E9E83A00F08E86 /* BookListEmptyCell.swift */; };
		2D4898C727E9E8DD00F08E86 /* EmptyCellView.swift in Sources */ = {isa = PBXBuildFile; fileRef = 2D4898C627E9E8DD00F08E86 /* EmptyCellView.swift */; };
		2D4898C927E9ED3D00F08E86 /* Constants.swift in Sources */ = {isa = PBXBuildFile; fileRef = 2D4898C827E9ED3D00F08E86 /* Constants.swift */; };
/* End PBXBuildFile section */

/* Begin PBXFileReference section */
		2D29E9E827EA0BFB00EE4A1B /* CoreDataManager.swift */ = {isa = PBXFileReference; lastKnownFileType = sourcecode.swift; path = CoreDataManager.swift; sourceTree = "<group>"; };
		2D29E9EB27EA0CB100EE4A1B /* BookModel.xcdatamodel */ = {isa = PBXFileReference; lastKnownFileType = wrapper.xcdatamodel; path = BookModel.xcdatamodel; sourceTree = "<group>"; };
		2D29E9ED27EA1CC600EE4A1B /* BookViewModel.swift */ = {isa = PBXFileReference; lastKnownFileType = sourcecode.swift; path = BookViewModel.swift; sourceTree = "<group>"; };
		2D29E9EF27EA698A00EE4A1B /* AddBookViewModel.swift */ = {isa = PBXFileReference; lastKnownFileType = sourcecode.swift; path = AddBookViewModel.swift; sourceTree = "<group>"; };
		2D29E9F127EA6FE800EE4A1B /* AddBookViewController.swift */ = {isa = PBXFileReference; lastKnownFileType = sourcecode.swift; path = AddBookViewController.swift; sourceTree = "<group>"; };
		2D29E9F327EB49AE00EE4A1B /* AddBookView.swift */ = {isa = PBXFileReference; lastKnownFileType = sourcecode.swift; path = AddBookView.swift; sourceTree = "<group>"; };
		2D29E9F527EB49E000EE4A1B /* AddBookTextField.swift */ = {isa = PBXFileReference; lastKnownFileType = sourcecode.swift; path = AddBookTextField.swift; sourceTree = "<group>"; };
		2D29E9F727EC6CDB00EE4A1B /* AddBookTextView.swift */ = {isa = PBXFileReference; lastKnownFileType = sourcecode.swift; path = AddBookTextView.swift; sourceTree = "<group>"; };
		2D29E9FC27ECA88100EE4A1B /* BookListCell.swift */ = {isa = PBXFileReference; lastKnownFileType = sourcecode.swift; path = BookListCell.swift; sourceTree = "<group>"; };
		2D29EA0027ECAEF300EE4A1B /* ChevronImageView.swift */ = {isa = PBXFileReference; lastKnownFileType = sourcecode.swift; path = ChevronImageView.swift; sourceTree = "<group>"; };
		2D29EA0227ED1AB000EE4A1B /* CustomStackView.swift */ = {isa = PBXFileReference; lastKnownFileType = sourcecode.swift; path = CustomStackView.swift; sourceTree = "<group>"; };
		2D29EA0427ED251700EE4A1B /* BookDetailViewController.swift */ = {isa = PBXFileReference; lastKnownFileType = sourcecode.swift; path = BookDetailViewController.swift; sourceTree = "<group>"; };
		2D4898A827E9E2B200F08E86 /* myBookList.app */ = {isa = PBXFileReference; explicitFileType = wrapper.application; includeInIndex = 0; path = myBookList.app; sourceTree = BUILT_PRODUCTS_DIR; };
		2D4898AB27E9E2B200F08E86 /* AppDelegate.swift */ = {isa = PBXFileReference; lastKnownFileType = sourcecode.swift; path = AppDelegate.swift; sourceTree = "<group>"; };
		2D4898AD27E9E2B200F08E86 /* SceneDelegate.swift */ = {isa = PBXFileReference; lastKnownFileType = sourcecode.swift; path = SceneDelegate.swift; sourceTree = "<group>"; };
		2D4898AF27E9E2B200F08E86 /* BookListViewController.swift */ = {isa = PBXFileReference; lastKnownFileType = sourcecode.swift; path = BookListViewController.swift; sourceTree = "<group>"; };
		2D4898B427E9E2B400F08E86 /* Assets.xcassets */ = {isa = PBXFileReference; lastKnownFileType = folder.assetcatalog; path = Assets.xcassets; sourceTree = "<group>"; };
		2D4898B727E9E2B400F08E86 /* Base */ = {isa = PBXFileReference; lastKnownFileType = file.storyboard; name = Base; path = Base.lproj/LaunchScreen.storyboard; sourceTree = "<group>"; };
		2D4898B927E9E2B400F08E86 /* Info.plist */ = {isa = PBXFileReference; lastKnownFileType = text.plist.xml; path = Info.plist; sourceTree = "<group>"; };
		2D4898C427E9E83A00F08E86 /* BookListEmptyCell.swift */ = {isa = PBXFileReference; lastKnownFileType = sourcecode.swift; path = BookListEmptyCell.swift; sourceTree = "<group>"; };
		2D4898C627E9E8DD00F08E86 /* EmptyCellView.swift */ = {isa = PBXFileReference; lastKnownFileType = sourcecode.swift; path = EmptyCellView.swift; sourceTree = "<group>"; };
		2D4898C827E9ED3D00F08E86 /* Constants.swift */ = {isa = PBXFileReference; lastKnownFileType = sourcecode.swift; path = Constants.swift; sourceTree = "<group>"; };
/* End PBXFileReference section */

/* Begin PBXFrameworksBuildPhase section */
		2D4898A527E9E2B200F08E86 /* Frameworks */ = {
			isa = PBXFrameworksBuildPhase;
			buildActionMask = 2147483647;
			files = (
			);
			runOnlyForDeploymentPostprocessing = 0;
		};
/* End PBXFrameworksBuildPhase section */

/* Begin PBXGroup section */
		2D29E9E727EA0BEF00EE4A1B /* Managers */ = {
			isa = PBXGroup;
			children = (
				2D29E9E827EA0BFB00EE4A1B /* CoreDataManager.swift */,
			);
			path = Managers;
			sourceTree = "<group>";
		};
		2D29E9FB27ECA86000EE4A1B /* Cells */ = {
			isa = PBXGroup;
			children = (
				2D4898C427E9E83A00F08E86 /* BookListEmptyCell.swift */,
				2D4898C627E9E8DD00F08E86 /* EmptyCellView.swift */,
				2D29E9FC27ECA88100EE4A1B /* BookListCell.swift */,
			);
			path = Cells;
			sourceTree = "<group>";
		};
		2D48989F27E9E2B200F08E86 = {
			isa = PBXGroup;
			children = (
				2D4898AA27E9E2B200F08E86 /* myBookList */,
				2D4898A927E9E2B200F08E86 /* Products */,
			);
			sourceTree = "<group>";
		};
		2D4898A927E9E2B200F08E86 /* Products */ = {
			isa = PBXGroup;
			children = (
				2D4898A827E9E2B200F08E86 /* myBookList.app */,
			);
			name = Products;
			sourceTree = "<group>";
		};
		2D4898AA27E9E2B200F08E86 /* myBookList */ = {
			isa = PBXGroup;
			children = (
				2D29E9E727EA0BEF00EE4A1B /* Managers */,
				2D4898C227E9E54000F08E86 /* Other */,
				2D4898BF27E9E52D00F08E86 /* Models */,
				2D4898C327E9E74700F08E86 /* ViewModels */,
				2D4898C127E9E53C00F08E86 /* Views */,
				2D4898C027E9E53200F08E86 /* Controllers */,
				2D29E9EA27EA0CB100EE4A1B /* BookModel.xcdatamodeld */,
			);
			path = myBookList;
			sourceTree = "<group>";
		};
		2D4898BF27E9E52D00F08E86 /* Models */ = {
			isa = PBXGroup;
			children = (
			);
			path = Models;
			sourceTree = "<group>";
		};
		2D4898C027E9E53200F08E86 /* Controllers */ = {
			isa = PBXGroup;
			children = (
				2D4898AF27E9E2B200F08E86 /* BookListViewController.swift */,
				2D29E9F127EA6FE800EE4A1B /* AddBookViewController.swift */,
				2D29EA0427ED251700EE4A1B /* BookDetailViewController.swift */,
			);
			path = Controllers;
			sourceTree = "<group>";
		};
		2D4898C127E9E53C00F08E86 /* Views */ = {
			isa = PBXGroup;
			children = (
				2D29E9FB27ECA86000EE4A1B /* Cells */,
				2D29E9F327EB49AE00EE4A1B /* AddBookView.swift */,
				2D29E9F527EB49E000EE4A1B /* AddBookTextField.swift */,
				2D29E9F727EC6CDB00EE4A1B /* AddBookTextView.swift */,
				2D29EA0027ECAEF300EE4A1B /* ChevronImageView.swift */,
				2D29EA0227ED1AB000EE4A1B /* CustomStackView.swift */,
			);
			path = Views;
			sourceTree = "<group>";
		};
		2D4898C227E9E54000F08E86 /* Other */ = {
			isa = PBXGroup;
			children = (
				2D4898AB27E9E2B200F08E86 /* AppDelegate.swift */,
				2D4898AD27E9E2B200F08E86 /* SceneDelegate.swift */,
				2D4898B427E9E2B400F08E86 /* Assets.xcassets */,
				2D4898B627E9E2B400F08E86 /* LaunchScreen.storyboard */,
				2D4898B927E9E2B400F08E86 /* Info.plist */,
				2D4898C827E9ED3D00F08E86 /* Constants.swift */,
			);
			path = Other;
			sourceTree = "<group>";
		};
		2D4898C327E9E74700F08E86 /* ViewModels */ = {
			isa = PBXGroup;
			children = (
				2D29E9ED27EA1CC600EE4A1B /* BookViewModel.swift */,
				2D29E9EF27EA698A00EE4A1B /* AddBookViewModel.swift */,
			);
			path = ViewModels;
			sourceTree = "<group>";
		};
/* End PBXGroup section */

/* Begin PBXNativeTarget section */
		2D4898A727E9E2B200F08E86 /* myBookList */ = {
			isa = PBXNativeTarget;
			buildConfigurationList = 2D4898BC27E9E2B400F08E86 /* Build configuration list for PBXNativeTarget "myBookList" */;
			buildPhases = (
				2D4898A427E9E2B200F08E86 /* Sources */,
				2D4898A527E9E2B200F08E86 /* Frameworks */,
				2D4898A627E9E2B200F08E86 /* Resources */,
			);
			buildRules = (
			);
			dependencies = (
			);
			name = myBookList;
			productName = myBookList;
			productReference = 2D4898A827E9E2B200F08E86 /* myBookList.app */;
			productType = "com.apple.product-type.application";
		};
/* End PBXNativeTarget section */

/* Begin PBXProject section */
		2D4898A027E9E2B200F08E86 /* Project object */ = {
			isa = PBXProject;
			attributes = {
				BuildIndependentTargetsInParallel = 1;
				LastSwiftUpdateCheck = 1320;
				LastUpgradeCheck = 1320;
				TargetAttributes = {
					2D4898A727E9E2B200F08E86 = {
						CreatedOnToolsVersion = 13.2.1;
					};
				};
			};
			buildConfigurationList = 2D4898A327E9E2B200F08E86 /* Build configuration list for PBXProject "myBookList" */;
			compatibilityVersion = "Xcode 13.0";
			developmentRegion = en;
			hasScannedForEncodings = 0;
			knownRegions = (
				en,
				Base,
			);
			mainGroup = 2D48989F27E9E2B200F08E86;
			productRefGroup = 2D4898A927E9E2B200F08E86 /* Products */;
			projectDirPath = "";
			projectRoot = "";
			targets = (
				2D4898A727E9E2B200F08E86 /* myBookList */,
			);
		};
/* End PBXProject section */

/* Begin PBXResourcesBuildPhase section */
		2D4898A627E9E2B200F08E86 /* Resources */ = {
			isa = PBXResourcesBuildPhase;
			buildActionMask = 2147483647;
			files = (
				2D4898B827E9E2B400F08E86 /* LaunchScreen.storyboard in Resources */,
				2D4898B527E9E2B400F08E86 /* Assets.xcassets in Resources */,
			);
			runOnlyForDeploymentPostprocessing = 0;
		};
/* End PBXResourcesBuildPhase section */

/* Begin PBXSourcesBuildPhase section */
		2D4898A427E9E2B200F08E86 /* Sources */ = {
			isa = PBXSourcesBuildPhase;
			buildActionMask = 2147483647;
			files = (
				2D4898C527E9E83A00F08E86 /* BookListEmptyCell.swift in Sources */,
				2D4898B027E9E2B200F08E86 /* BookListViewController.swift in Sources */,
				2D29E9EC27EA0CB100EE4A1B /* BookModel.xcdatamodeld in Sources */,
				2D29E9F227EA6FE800EE4A1B /* AddBookViewController.swift in Sources */,
				2D29EA0127ECAEF300EE4A1B /* ChevronImageView.swift in Sources */,
				2D4898AC27E9E2B200F08E86 /* AppDelegate.swift in Sources */,
				2D29E9F627EB49E000EE4A1B /* AddBookTextField.swift in Sources */,
				2D29EA0327ED1AB000EE4A1B /* CustomStackView.swift in Sources */,
				2D29E9FD27ECA88100EE4A1B /* BookListCell.swift in Sources */,
				2D4898C727E9E8DD00F08E86 /* EmptyCellView.swift in Sources */,
				2D29E9F027EA698A00EE4A1B /* AddBookViewModel.swift in Sources */,
				2D29E9F427EB49AE00EE4A1B /* AddBookView.swift in Sources */,
				2D29E9EE27EA1CC600EE4A1B /* BookViewModel.swift in Sources */,
				2D4898AE27E9E2B200F08E86 /* SceneDelegate.swift in Sources */,
				2D29EA0527ED251800EE4A1B /* BookDetailViewController.swift in Sources */,
				2D29E9E927EA0BFB00EE4A1B /* CoreDataManager.swift in Sources */,
				2D29E9F827EC6CDB00EE4A1B /* AddBookTextView.swift in Sources */,
				2D4898C927E9ED3D00F08E86 /* Constants.swift in Sources */,
			);
			runOnlyForDeploymentPostprocessing = 0;
		};
/* End PBXSourcesBuildPhase section */

/* Begin PBXVariantGroup section */
		2D4898B627E9E2B400F08E86 /* LaunchScreen.storyboard */ = {
			isa = PBXVariantGroup;
			children = (
				2D4898B727E9E2B400F08E86 /* Base */,
			);
			name = LaunchScreen.storyboard;
			sourceTree = "<group>";
		};
/* End PBXVariantGroup section */

/* Begin XCBuildConfiguration section */
		2D4898BA27E9E2B400F08E86 /* Debug */ = {
			isa = XCBuildConfiguration;
			buildSettings = {
				ALWAYS_SEARCH_USER_PATHS = NO;
				CLANG_ANALYZER_NONNULL = YES;
				CLANG_ANALYZER_NUMBER_OBJECT_CONVERSION = YES_AGGRESSIVE;
				CLANG_CXX_LANGUAGE_STANDARD = "gnu++17";
				CLANG_CXX_LIBRARY = "libc++";
				CLANG_ENABLE_MODULES = YES;
				CLANG_ENABLE_OBJC_ARC = YES;
				CLANG_ENABLE_OBJC_WEAK = YES;
				CLANG_WARN_BLOCK_CAPTURE_AUTORELEASING = YES;
				CLANG_WARN_BOOL_CONVERSION = YES;
				CLANG_WARN_COMMA = YES;
				CLANG_WARN_CONSTANT_CONVERSION = YES;
				CLANG_WARN_DEPRECATED_OBJC_IMPLEMENTATIONS = YES;
				CLANG_WARN_DIRECT_OBJC_ISA_USAGE = YES_ERROR;
				CLANG_WARN_DOCUMENTATION_COMMENTS = YES;
				CLANG_WARN_EMPTY_BODY = YES;
				CLANG_WARN_ENUM_CONVERSION = YES;
				CLANG_WARN_INFINITE_RECURSION = YES;
				CLANG_WARN_INT_CONVERSION = YES;
				CLANG_WARN_NON_LITERAL_NULL_CONVERSION = YES;
				CLANG_WARN_OBJC_IMPLICIT_RETAIN_SELF = YES;
				CLANG_WARN_OBJC_LITERAL_CONVERSION = YES;
				CLANG_WARN_OBJC_ROOT_CLASS = YES_ERROR;
				CLANG_WARN_QUOTED_INCLUDE_IN_FRAMEWORK_HEADER = YES;
				CLANG_WARN_RANGE_LOOP_ANALYSIS = YES;
				CLANG_WARN_STRICT_PROTOTYPES = YES;
				CLANG_WARN_SUSPICIOUS_MOVE = YES;
				CLANG_WARN_UNGUARDED_AVAILABILITY = YES_AGGRESSIVE;
				CLANG_WARN_UNREACHABLE_CODE = YES;
				CLANG_WARN__DUPLICATE_METHOD_MATCH = YES;
				COPY_PHASE_STRIP = NO;
				DEBUG_INFORMATION_FORMAT = dwarf;
				ENABLE_STRICT_OBJC_MSGSEND = YES;
				ENABLE_TESTABILITY = YES;
				GCC_C_LANGUAGE_STANDARD = gnu11;
				GCC_DYNAMIC_NO_PIC = NO;
				GCC_NO_COMMON_BLOCKS = YES;
				GCC_OPTIMIZATION_LEVEL = 0;
				GCC_PREPROCESSOR_DEFINITIONS = (
					"DEBUG=1",
					"$(inherited)",
				);
				GCC_WARN_64_TO_32_BIT_CONVERSION = YES;
				GCC_WARN_ABOUT_RETURN_TYPE = YES_ERROR;
				GCC_WARN_UNDECLARED_SELECTOR = YES;
				GCC_WARN_UNINITIALIZED_AUTOS = YES_AGGRESSIVE;
				GCC_WARN_UNUSED_FUNCTION = YES;
				GCC_WARN_UNUSED_VARIABLE = YES;
				IPHONEOS_DEPLOYMENT_TARGET = 15.2;
				MTL_ENABLE_DEBUG_INFO = INCLUDE_SOURCE;
				MTL_FAST_MATH = YES;
				ONLY_ACTIVE_ARCH = YES;
				SDKROOT = iphoneos;
				SWIFT_ACTIVE_COMPILATION_CONDITIONS = DEBUG;
				SWIFT_OPTIMIZATION_LEVEL = "-Onone";
			};
			name = Debug;
		};
		2D4898BB27E9E2B400F08E86 /* Release */ = {
			isa = XCBuildConfiguration;
			buildSettings = {
				ALWAYS_SEARCH_USER_PATHS = NO;
				CLANG_ANALYZER_NONNULL = YES;
				CLANG_ANALYZER_NUMBER_OBJECT_CONVERSION = YES_AGGRESSIVE;
				CLANG_CXX_LANGUAGE_STANDARD = "gnu++17";
				CLANG_CXX_LIBRARY = "libc++";
				CLANG_ENABLE_MODULES = YES;
				CLANG_ENABLE_OBJC_ARC = YES;
				CLANG_ENABLE_OBJC_WEAK = YES;
				CLANG_WARN_BLOCK_CAPTURE_AUTORELEASING = YES;
				CLANG_WARN_BOOL_CONVERSION = YES;
				CLANG_WARN_COMMA = YES;
				CLANG_WARN_CONSTANT_CONVERSION = YES;
				CLANG_WARN_DEPRECATED_OBJC_IMPLEMENTATIONS = YES;
				CLANG_WARN_DIRECT_OBJC_ISA_USAGE = YES_ERROR;
				CLANG_WARN_DOCUMENTATION_COMMENTS = YES;
				CLANG_WARN_EMPTY_BODY = YES;
				CLANG_WARN_ENUM_CONVERSION = YES;
				CLANG_WARN_INFINITE_RECURSION = YES;
				CLANG_WARN_INT_CONVERSION = YES;
				CLANG_WARN_NON_LITERAL_NULL_CONVERSION = YES;
				CLANG_WARN_OBJC_IMPLICIT_RETAIN_SELF = YES;
				CLANG_WARN_OBJC_LITERAL_CONVERSION = YES;
				CLANG_WARN_OBJC_ROOT_CLASS = YES_ERROR;
				CLANG_WARN_QUOTED_INCLUDE_IN_FRAMEWORK_HEADER = YES;
				CLANG_WARN_RANGE_LOOP_ANALYSIS = YES;
				CLANG_WARN_STRICT_PROTOTYPES = YES;
				CLANG_WARN_SUSPICIOUS_MOVE = YES;
				CLANG_WARN_UNGUARDED_AVAILABILITY = YES_AGGRESSIVE;
				CLANG_WARN_UNREACHABLE_CODE = YES;
				CLANG_WARN__DUPLICATE_METHOD_MATCH = YES;
				COPY_PHASE_STRIP = NO;
				DEBUG_INFORMATION_FORMAT = "dwarf-with-dsym";
				ENABLE_NS_ASSERTIONS = NO;
				ENABLE_STRICT_OBJC_MSGSEND = YES;
				GCC_C_LANGUAGE_STANDARD = gnu11;
				GCC_NO_COMMON_BLOCKS = YES;
				GCC_WARN_64_TO_32_BIT_CONVERSION = YES;
				GCC_WARN_ABOUT_RETURN_TYPE = YES_ERROR;
				GCC_WARN_UNDECLARED_SELECTOR = YES;
				GCC_WARN_UNINITIALIZED_AUTOS = YES_AGGRESSIVE;
				GCC_WARN_UNUSED_FUNCTION = YES;
				GCC_WARN_UNUSED_VARIABLE = YES;
				IPHONEOS_DEPLOYMENT_TARGET = 15.2;
				MTL_ENABLE_DEBUG_INFO = NO;
				MTL_FAST_MATH = YES;
				SDKROOT = iphoneos;
				SWIFT_COMPILATION_MODE = wholemodule;
				SWIFT_OPTIMIZATION_LEVEL = "-O";
				VALIDATE_PRODUCT = YES;
			};
			name = Release;
		};
		2D4898BD27E9E2B400F08E86 /* Debug */ = {
			isa = XCBuildConfiguration;
			buildSettings = {
				ASSETCATALOG_COMPILER_APPICON_NAME = AppIcon;
				ASSETCATALOG_COMPILER_GLOBAL_ACCENT_COLOR_NAME = AccentColor;
				CODE_SIGN_STYLE = Automatic;
				CURRENT_PROJECT_VERSION = 1;
				DEVELOPMENT_TEAM = FJ44S5F9W6;
				GENERATE_INFOPLIST_FILE = YES;
				INFOPLIST_FILE = myBookList/Other/Info.plist;
				INFOPLIST_KEY_UIApplicationSupportsIndirectInputEvents = YES;
				INFOPLIST_KEY_UILaunchStoryboardName = LaunchScreen;
				INFOPLIST_KEY_UISupportedInterfaceOrientations = UIInterfaceOrientationPortrait;
				INFOPLIST_KEY_UISupportedInterfaceOrientations_iPad = "UIInterfaceOrientationPortrait UIInterfaceOrientationPortraitUpsideDown UIInterfaceOrientationLandscapeLeft UIInterfaceOrientationLandscapeRight";
				INFOPLIST_KEY_UISupportedInterfaceOrientations_iPhone = "UIInterfaceOrientationPortrait UIInterfaceOrientationLandscapeLeft UIInterfaceOrientationLandscapeRight";
				LD_RUNPATH_SEARCH_PATHS = (
					"$(inherited)",
					"@executable_path/Frameworks",
				);
				MARKETING_VERSION = 1.0;
				PRODUCT_BUNDLE_IDENTIFIER = com.damiandu.myBookList;
				PRODUCT_NAME = "$(TARGET_NAME)";
				SWIFT_EMIT_LOC_STRINGS = YES;
				SWIFT_VERSION = 5.0;
				TARGETED_DEVICE_FAMILY = "1,2";
			};
			name = Debug;
		};
		2D4898BE27E9E2B400F08E86 /* Release */ = {
			isa = XCBuildConfiguration;
			buildSettings = {
				ASSETCATALOG_COMPILER_APPICON_NAME = AppIcon;
				ASSETCATALOG_COMPILER_GLOBAL_ACCENT_COLOR_NAME = AccentColor;
				CODE_SIGN_STYLE = Automatic;
				CURRENT_PROJECT_VERSION = 1;
				DEVELOPMENT_TEAM = FJ44S5F9W6;
				GENERATE_INFOPLIST_FILE = YES;
				INFOPLIST_FILE = myBookList/Other/Info.plist;
				INFOPLIST_KEY_UIApplicationSupportsIndirectInputEvents = YES;
				INFOPLIST_KEY_UILaunchStoryboardName = LaunchScreen;
				INFOPLIST_KEY_UISupportedInterfaceOrientations = UIInterfaceOrientationPortrait;
				INFOPLIST_KEY_UISupportedInterfaceOrientations_iPad = "UIInterfaceOrientationPortrait UIInterfaceOrientationPortraitUpsideDown UIInterfaceOrientationLandscapeLeft UIInterfaceOrientationLandscapeRight";
				INFOPLIST_KEY_UISupportedInterfaceOrientations_iPhone = "UIInterfaceOrientationPortrait UIInterfaceOrientationLandscapeLeft UIInterfaceOrientationLandscapeRight";
				LD_RUNPATH_SEARCH_PATHS = (
					"$(inherited)",
					"@executable_path/Frameworks",
				);
				MARKETING_VERSION = 1.0;
				PRODUCT_BUNDLE_IDENTIFIER = com.damiandu.myBookList;
				PRODUCT_NAME = "$(TARGET_NAME)";
				SWIFT_EMIT_LOC_STRINGS = YES;
				SWIFT_VERSION = 5.0;
				TARGETED_DEVICE_FAMILY = "1,2";
			};
			name = Release;
		};
/* End XCBuildConfiguration section */

/* Begin XCConfigurationList section */
		2D4898A327E9E2B200F08E86 /* Build configuration list for PBXProject "myBookList" */ = {
			isa = XCConfigurationList;
			buildConfigurations = (
				2D4898BA27E9E2B400F08E86 /* Debug */,
				2D4898BB27E9E2B400F08E86 /* Release */,
			);
			defaultConfigurationIsVisible = 0;
			defaultConfigurationName = Release;
		};
		2D4898BC27E9E2B400F08E86 /* Build configuration list for PBXNativeTarget "myBookList" */ = {
			isa = XCConfigurationList;
			buildConfigurations = (
				2D4898BD27E9E2B400F08E86 /* Debug */,
				2D4898BE27E9E2B400F08E86 /* Release */,
			);
			defaultConfigurationIsVisible = 0;
			defaultConfigurationName = Release;
		};
/* End XCConfigurationList section */

/* Begin XCVersionGroup section */
		2D29E9EA27EA0CB100EE4A1B /* BookModel.xcdatamodeld */ = {
			isa = XCVersionGroup;
			children = (
				2D29E9EB27EA0CB100EE4A1B /* BookModel.xcdatamodel */,
			);
			currentVersion = 2D29E9EB27EA0CB100EE4A1B /* BookModel.xcdatamodel */;
			path = BookModel.xcdatamodeld;
			sourceTree = "<group>";
			versionGroupType = wrapper.xcdatamodel;
		};
/* End XCVersionGroup section */
	};
	rootObject = 2D4898A027E9E2B200F08E86 /* Project object */;
}
